<?xml version="1.0" encoding="utf-8"?>
<Project ToolsVersion="4.0" xmlns="http://schemas.microsoft.com/developer/msbuild/2003">
  <ItemGroup>
    <Filter Include="Common">
      <UniqueIdentifier>953a950d-8f23-49c6-b64f-5e4a032f2f13</UniqueIdentifier>
    </Filter>
    <Filter Include="Assets">
      <UniqueIdentifier>1c4a63d8-8be7-4206-8e9b-c5c8bc272bb0</UniqueIdentifier>
      <Extensions>ico;cur;bmp;dds;dlg;fbx;rct;bin;rgs;gif;jpg;jpeg;jpe;resx;tga;tiff;tif;png;wav;mfcribbon-ms</Extensions>
    </Filter>
    <Filter Include="Game">
      <UniqueIdentifier>{81e0afe9-ad4e-4f63-95a0-f6d4011481d2}</UniqueIdentifier>
    </Filter>
    <Filter Include="Resources">
      <UniqueIdentifier>{e07fced4-d323-4665-a6ef-0da58b0f46f4}</UniqueIdentifier>
    </Filter>
    <Filter Include="Resources\Fonts">
      <UniqueIdentifier>{582b0255-bd7f-4fbc-a35d-f8c13d2fbf14}</UniqueIdentifier>
    </Filter>
    <Filter Include="Resources\Textures">
      <UniqueIdentifier>{3c9cae57-ef8e-4d89-9ce8-daa682d325ba}</UniqueIdentifier>
    </Filter>
    <Filter Include="Resources\Icon">
      <UniqueIdentifier>{53043c45-2397-49b9-97e7-98faee0b0a41}</UniqueIdentifier>
    </Filter>
    <Filter Include="Resources\Models">
      <UniqueIdentifier>{4bb7f6ff-9803-4a2b-a0e8-bacbe656715d}</UniqueIdentifier>
    </Filter>
    <Filter Include="Libraries">
      <UniqueIdentifier>{c309d520-e3d0-40ec-859f-98ab4d9a9fd1}</UniqueIdentifier>
    </Filter>
    <Filter Include="Libraries\MyLib">
      <UniqueIdentifier>{a327e5ae-7623-4c97-9ac8-1d10ca95e8ca}</UniqueIdentifier>
    </Filter>
    <Filter Include="Libraries\Microsoft">
      <UniqueIdentifier>{3ad90921-3d35-490e-837c-bc326a24aeed}</UniqueIdentifier>
    </Filter>
    <Filter Include="Libraries\NRLib">
      <UniqueIdentifier>{47eb5675-5e09-4068-a3f5-51fcbc882287}</UniqueIdentifier>
    </Filter>
    <Filter Include="Game\Scene">
      <UniqueIdentifier>{8c7815ab-76fe-42ec-80a6-a3715af3b9a1}</UniqueIdentifier>
    </Filter>
    <Filter Include="WorkTool">
      <UniqueIdentifier>{be901740-3492-4a92-a807-c0f90315e489}</UniqueIdentifier>
    </Filter>
    <Filter Include="Game\Player">
      <UniqueIdentifier>{336f4383-79bd-4214-ba84-aceaa70a3128}</UniqueIdentifier>
    </Filter>
    <Filter Include="Game\Stage">
      <UniqueIdentifier>{9c2ccd4c-e1db-49e8-9399-a1114ce05f2a}</UniqueIdentifier>
    </Filter>
    <Filter Include="Game\Enemy">
      <UniqueIdentifier>{d9afe15b-f059-4241-a0a7-692c31499580}</UniqueIdentifier>
    </Filter>
    <Filter Include="Game\UI">
      <UniqueIdentifier>{65dd4905-dad7-4ec4-b86b-68b0b8289eb5}</UniqueIdentifier>
    </Filter>
    <Filter Include="Resources\Shaders">
      <UniqueIdentifier>{11c25b0e-086c-401c-ba6c-a9e59d2abb86}</UniqueIdentifier>
    </Filter>
    <Filter Include="Game\Effect">
      <UniqueIdentifier>{988c5e3a-520a-4def-9a9b-2efc8cfed130}</UniqueIdentifier>
    </Filter>
    <Filter Include="Game\Enemy\Boss">
      <UniqueIdentifier>{f3da1f08-459f-47af-b909-933112dd463d}</UniqueIdentifier>
    </Filter>
    <Filter Include="Game\UI\EnemyUI">
      <UniqueIdentifier>{4f03f122-fbd9-4223-91e8-35569031bd4d}</UniqueIdentifier>
    </Filter>
    <Filter Include="Game\UI\PlayerUI">
      <UniqueIdentifier>{7247d7d1-241e-4c49-8f58-99596a4a0799}</UniqueIdentifier>
    </Filter>
  </ItemGroup>
  <ItemGroup>
    <ClInclude Include="pch.h" />
    <ClInclude Include="Game.h" />
    <ClInclude Include="StepTimer.h">
      <Filter>Common</Filter>
    </ClInclude>
    <ClInclude Include="Libraries\Microsoft\DebugDraw.h">
      <Filter>Libraries\Microsoft</Filter>
    </ClInclude>
    <ClInclude Include="Game\Screen.h">
      <Filter>Game</Filter>
    </ClInclude>
    <ClInclude Include="Libraries\MyLib\DebugCamera.h">
      <Filter>Libraries\MyLib</Filter>
    </ClInclude>
    <ClInclude Include="Libraries\MyLib\DebugString.h">
      <Filter>Libraries\MyLib</Filter>
    </ClInclude>
    <ClInclude Include="Libraries\MyLib\InputManager.h">
      <Filter>Libraries\MyLib</Filter>
    </ClInclude>
    <ClInclude Include="Libraries\MyLib\MemoryLeakDetector.h">
      <Filter>Libraries\MyLib</Filter>
    </ClInclude>
    <ClInclude Include="Game\Scene\IScene.h">
      <Filter>Game\Scene</Filter>
    </ClInclude>
    <ClInclude Include="Game\Scene\PlayScene.h">
      <Filter>Game\Scene</Filter>
    </ClInclude>
    <ClInclude Include="Game\Scene\SceneManager.h">
      <Filter>Game\Scene</Filter>
    </ClInclude>
    <ClInclude Include="Libraries\NRLib\FixedCamera.h">
      <Filter>Libraries\NRLib</Filter>
    </ClInclude>
    <ClInclude Include="Game\Player\Player.h">
      <Filter>Game\Player</Filter>
    </ClInclude>
    <ClInclude Include="WorkTool\DeviceResources.h">
      <Filter>WorkTool</Filter>
    </ClInclude>
    <ClInclude Include="Libraries\NRLib\TPS_Camera.h">
      <Filter>Libraries\NRLib</Filter>
    </ClInclude>
    <ClInclude Include="Libraries\MyLib\GridFloor.h">
      <Filter>Libraries\MyLib</Filter>
    </ClInclude>
    <ClInclude Include="WorkTool\Collision.h">
      <Filter>WorkTool</Filter>
    </ClInclude>
    <ClInclude Include="Libraries\MyLib\FollowCamera.h">
      <Filter>Libraries\MyLib</Filter>
    </ClInclude>
    <ClInclude Include="Game\Stage\Field.h">
      <Filter>Game\Stage</Filter>
    </ClInclude>
    <ClInclude Include="Game\Enemy\EnemySpawner.h">
      <Filter>Game\Enemy</Filter>
    </ClInclude>
    <ClInclude Include="Game\Enemy\IEnemyState.h">
      <Filter>Game\Enemy</Filter>
    </ClInclude>
    <ClInclude Include="Game\Enemy\Tunomaru.h">
      <Filter>Game\Enemy</Filter>
    </ClInclude>
    <ClInclude Include="Game\UI\TimeUI.h">
      <Filter>Game\UI</Filter>
    </ClInclude>
    <ClInclude Include="Game\Scene\TitleScene.h">
      <Filter>Game\Scene</Filter>
    </ClInclude>
    <ClInclude Include="Game\Scene\ResultScene.h">
      <Filter>Game\Scene</Filter>
    </ClInclude>
    <ClInclude Include="Game\Player\PlayerIdling.h">
      <Filter>Game\Player</Filter>
    </ClInclude>
    <ClInclude Include="Game\Player\IState.h">
      <Filter>Game\Player</Filter>
    </ClInclude>
    <ClInclude Include="Game\Player\PlayerAttack.h">
      <Filter>Game\Player</Filter>
    </ClInclude>
    <ClInclude Include="Game\Player\PlayerDash.h">
      <Filter>Game\Player</Filter>
    </ClInclude>
    <ClInclude Include="Game\Enemy\TunomaruAttack.h">
      <Filter>Game\Enemy</Filter>
    </ClInclude>
    <ClInclude Include="Game\Enemy\TunomaruSearch.h">
      <Filter>Game\Enemy</Filter>
    </ClInclude>
    <ClInclude Include="Game\Effect\SwordEffect.h">
      <Filter>Game\Effect</Filter>
    </ClInclude>
    <ClInclude Include="Game\Effect\InvincibleEffect.h">
      <Filter>Game\Effect</Filter>
    </ClInclude>
    <ClInclude Include="Game\Effect\PlayerEffectManager.h">
      <Filter>Game\Effect</Filter>
    </ClInclude>
    <ClInclude Include="Game\UI\TitleSceneUI.h">
      <Filter>Game\UI</Filter>
    </ClInclude>
    <ClInclude Include="Game\Enemy\TunomaruDown.h">
      <Filter>Game\Enemy</Filter>
    </ClInclude>
    <ClInclude Include="Game\Enemy\Boss\RockBoss.h">
      <Filter>Game\Enemy\Boss</Filter>
    </ClInclude>
    <ClInclude Include="Game\Enemy\Boss\RockBossAttack.h">
      <Filter>Game\Enemy\Boss</Filter>
    </ClInclude>
    <ClInclude Include="Game\Enemy\Boss\RockBossDown.h">
      <Filter>Game\Enemy\Boss</Filter>
    </ClInclude>
    <ClInclude Include="Game\Enemy\Boss\RockBossSearch.h">
      <Filter>Game\Enemy\Boss</Filter>
    </ClInclude>
    <ClInclude Include="WorkTool\Graphics.h">
      <Filter>WorkTool</Filter>
    </ClInclude>
    <ClInclude Include="WorkTool\Resources.h">
      <Filter>WorkTool</Filter>
    </ClInclude>
    <ClInclude Include="Game\UI\BinaryFile.h">
      <Filter>Game\UI\EnemyUI</Filter>
    </ClInclude>
    <ClInclude Include="Game\UI\EnemyUIManager.h">
      <Filter>Game\UI\EnemyUI</Filter>
    </ClInclude>
    <ClInclude Include="Game\UI\Gauge.h">
      <Filter>Game\UI\EnemyUI</Filter>
    </ClInclude>
    <ClInclude Include="Game\UI\UserInterface.h">
      <Filter>Game\UI\EnemyUI</Filter>
    </ClInclude>
    <ClInclude Include="Game\UI\HPUI.h">
      <Filter>Game\UI\EnemyUI</Filter>
    </ClInclude>
    <ClInclude Include="Game\UI\PlayerStatusUI.h">
      <Filter>Game\UI\PlayerUI</Filter>
    </ClInclude>
    <ClInclude Include="Game\UI\PlayerUIManager.h">
      <Filter>Game\UI\PlayerUI</Filter>
    </ClInclude>
    <ClInclude Include="WorkTool\Data.h">
      <Filter>WorkTool</Filter>
    </ClInclude>
    <ClInclude Include="Game\UI\ResultSceneUI.h">
      <Filter>Game\UI</Filter>
    </ClInclude>
    <ClInclude Include="Game\Scene\MapSelectScene.h">
      <Filter>Game\Scene</Filter>
    </ClInclude>
    <ClInclude Include="Game\UI\MapSelectUI.h">
      <Filter>Game\UI</Filter>
    </ClInclude>
    <ClInclude Include="WorkTool\InputDevice.h">
      <Filter>WorkTool</Filter>
    </ClInclude>
    <ClInclude Include="Game\Stage\Sky.h">
      <Filter>Game\Stage</Filter>
    </ClInclude>
  </ItemGroup>
  <ItemGroup>
    <ClCompile Include="pch.cpp" />
    <ClCompile Include="Main.cpp" />
    <ClCompile Include="Libraries\Microsoft\DebugDraw.cpp">
      <Filter>Libraries\Microsoft</Filter>
    </ClCompile>
    <ClCompile Include="Libraries\MyLib\DebugCamera.cpp">
      <Filter>Libraries\MyLib</Filter>
    </ClCompile>
    <ClCompile Include="Libraries\MyLib\DebugString.cpp">
      <Filter>Libraries\MyLib</Filter>
    </ClCompile>
    <ClCompile Include="Libraries\MyLib\InputManager.cpp">
      <Filter>Libraries\MyLib</Filter>
    </ClCompile>
    <ClCompile Include="Game\Scene\PlayScene.cpp">
      <Filter>Game\Scene</Filter>
    </ClCompile>
    <ClCompile Include="Game\Scene\SceneManager.cpp">
      <Filter>Game\Scene</Filter>
    </ClCompile>
    <ClCompile Include="Libraries\NRLib\FixedCamera.cpp">
      <Filter>Libraries\NRLib</Filter>
    </ClCompile>
    <ClCompile Include="Game\Player\Player.cpp">
      <Filter>Game\Player</Filter>
    </ClCompile>
    <ClCompile Include="WorkTool\DeviceResources.cpp">
      <Filter>WorkTool</Filter>
    </ClCompile>
    <ClCompile Include="Game.cpp" />
    <ClCompile Include="Libraries\NRLib\TPS_Camera.cpp">
      <Filter>Libraries\NRLib</Filter>
    </ClCompile>
    <ClCompile Include="Libraries\MyLib\GridFloor.cpp">
      <Filter>Libraries\MyLib</Filter>
    </ClCompile>
    <ClCompile Include="WorkTool\Collision.cpp">
      <Filter>WorkTool</Filter>
    </ClCompile>
    <ClCompile Include="Game\Stage\Field.cpp">
      <Filter>Game\Stage</Filter>
    </ClCompile>
    <ClCompile Include="Game\Enemy\EnemySpawner.cpp">
      <Filter>Game\Enemy</Filter>
    </ClCompile>
    <ClCompile Include="Game\Enemy\Tunomaru.cpp">
      <Filter>Game\Enemy</Filter>
    </ClCompile>
    <ClCompile Include="Game\UI\TimeUI.cpp">
      <Filter>Game\UI</Filter>
    </ClCompile>
    <ClCompile Include="Game\Scene\TitleScene.cpp">
      <Filter>Game\Scene</Filter>
    </ClCompile>
    <ClCompile Include="Game\Scene\ResultScene.cpp">
      <Filter>Game\Scene</Filter>
    </ClCompile>
    <ClCompile Include="Game\Player\PlayerIdling.cpp">
      <Filter>Game\Player</Filter>
    </ClCompile>
    <ClCompile Include="Game\Player\PlayerAttack.cpp">
      <Filter>Game\Player</Filter>
    </ClCompile>
    <ClCompile Include="Game\Player\PlayerDash.cpp">
      <Filter>Game\Player</Filter>
    </ClCompile>
    <ClCompile Include="Game\Enemy\TunomaruAttack.cpp">
      <Filter>Game\Enemy</Filter>
    </ClCompile>
    <ClCompile Include="Game\Enemy\TunomaruSearch.cpp">
      <Filter>Game\Enemy</Filter>
    </ClCompile>
    <ClCompile Include="Game\Effect\SwordEffect.cpp">
      <Filter>Game\Effect</Filter>
    </ClCompile>
    <ClCompile Include="Game\Effect\InvincibleEffect.cpp">
      <Filter>Game\Effect</Filter>
    </ClCompile>
    <ClCompile Include="Game\Effect\PlayerEffectManager.cpp">
      <Filter>Game\Effect</Filter>
    </ClCompile>
    <ClCompile Include="Game\UI\TitleSceneUI.cpp">
      <Filter>Game\UI</Filter>
    </ClCompile>
    <ClCompile Include="Game\Enemy\TunomaruDown.cpp">
      <Filter>Game\Enemy</Filter>
    </ClCompile>
    <ClCompile Include="Game\Enemy\Boss\RockBoss.cpp">
      <Filter>Game\Enemy\Boss</Filter>
    </ClCompile>
    <ClCompile Include="Game\Enemy\Boss\RockBossAttack.cpp">
      <Filter>Game\Enemy\Boss</Filter>
    </ClCompile>
    <ClCompile Include="Game\Enemy\Boss\RockBossDown.cpp">
      <Filter>Game\Enemy\Boss</Filter>
    </ClCompile>
    <ClCompile Include="Game\Enemy\Boss\RockBossSearch.cpp">
      <Filter>Game\Enemy\Boss</Filter>
    </ClCompile>
    <ClCompile Include="WorkTool\Resources.cpp">
      <Filter>WorkTool</Filter>
    </ClCompile>
    <ClCompile Include="WorkTool\Graphics.cpp">
      <Filter>WorkTool</Filter>
    </ClCompile>
    <ClCompile Include="Game\UI\BinaryFile.cpp">
      <Filter>Game\UI\EnemyUI</Filter>
    </ClCompile>
    <ClCompile Include="Game\UI\EnemyUIManager.cpp">
      <Filter>Game\UI\EnemyUI</Filter>
    </ClCompile>
    <ClCompile Include="Game\UI\Gauge.cpp">
      <Filter>Game\UI\EnemyUI</Filter>
    </ClCompile>
    <ClCompile Include="Game\UI\UserInterface.cpp">
      <Filter>Game\UI\EnemyUI</Filter>
    </ClCompile>
    <ClCompile Include="Game\UI\HPUI.cpp">
      <Filter>Game\UI\EnemyUI</Filter>
    </ClCompile>
    <ClCompile Include="Game\UI\PlayerStatusUI.cpp">
      <Filter>Game\UI\PlayerUI</Filter>
    </ClCompile>
    <ClCompile Include="Game\UI\PlayerUIManager.cpp">
      <Filter>Game\UI\PlayerUI</Filter>
    </ClCompile>
    <ClCompile Include="WorkTool\Data.cpp">
      <Filter>WorkTool</Filter>
    </ClCompile>
    <ClCompile Include="Game\UI\ResultSceneUI.cpp">
      <Filter>Game\UI</Filter>
    </ClCompile>
    <ClCompile Include="Game\Scene\MapSelectScene.cpp">
      <Filter>Game\Scene</Filter>
    </ClCompile>
    <ClCompile Include="Game\UI\MapSelectUI.cpp">
      <Filter>Game\UI</Filter>
    </ClCompile>
    <ClCompile Include="WorkTool\InputDevice.cpp">
      <Filter>WorkTool</Filter>
    </ClCompile>
    <ClCompile Include="Game\Stage\Sky.cpp">
      <Filter>Game\Stage</Filter>
    </ClCompile>
  </ItemGroup>
  <ItemGroup>
    <ResourceCompile Include="resource.rc" />
  </ItemGroup>
  <ItemGroup>
    <Image Include="directx.ico">
      <Filter>Assets</Filter>
    </Image>
  </ItemGroup>
  <ItemGroup>
    <Manifest Include="settings.manifest">
      <Filter>Assets</Filter>
    </Manifest>
  </ItemGroup>
  <ItemGroup>
    <None Include="packages.config" />
    <None Include="Resources\Shaders\UI.hlsli">
      <Filter>Resources\Shaders</Filter>
    </None>
  </ItemGroup>
  <ItemGroup>
    <FxCompile Include="Resources\Shaders\UIGS.hlsl">
      <Filter>Resources\Shaders</Filter>
    </FxCompile>
    <FxCompile Include="Resources\Shaders\UIPS.hlsl">
      <Filter>Resources\Shaders</Filter>
    </FxCompile>
    <FxCompile Include="Resources\Shaders\UIVS.hlsl">
      <Filter>Resources\Shaders</Filter>
    </FxCompile>
  </ItemGroup>
</Project>